
Microsoft Visual Studio Solution File, Format Version 12.00
# Visual Studio 15
VisualStudioVersion = 15.0.27130.2036
MinimumVisualStudioVersion = 10.0.40219.1
Project("{888888A0-9F3D-457C-B088-3A5042F75D52}") = "TennisStatistics", "TennisStatistics\TennisStatistics.pyproj", "{13A8A9E1-3B39-4063-BAA6-A49D2032C934}"
EndProject
Global
	GlobalSection(SolutionConfigurationPlatforms) = preSolution
		Debug|Any CPU = Debug|Any CPU
		Release|Any CPU = Release|Any CPU
	EndGlobalSection
	GlobalSection(ProjectConfigurationPlatforms) = postSolution
		{13A8A9E1-3B39-4063-BAA6-A49D2032C934}.Debug|Any CPU.ActiveCfg = Debug|Any CPU
		{13A8A9E1-3B39-4063-BAA6-A49D2032C934}.Release|Any CPU.ActiveCfg = Release|Any CPU
	EndGlobalSection
	GlobalSection(SolutionProperties) = preSolution
		HideSolutionNode = FALSE
	EndGlobalSection
	GlobalSection(ExtensibilityGlobals) = postSolution
		SolutionGuid = {7F7F9B6A-0FA0-4C64-8597-ED32E8DB4EFF}
	EndGlobalSection
EndGlobal
